// !$*UTF8*$!
{
	archiveVersion = 1;
	classes = {
	};
	objectVersion = 50;
	objects = {

/* Begin PBXBuildFile section */
		831F7A6A230C26DC00EEF585 /* AppDelegate.swift in Sources */ = {isa = PBXBuildFile; fileRef = 831F7A69230C26DC00EEF585 /* AppDelegate.swift */; };
		831F7A72230C26DC00EEF585 /* NodeAdsPrivatBankTest.xcdatamodeld in Sources */ = {isa = PBXBuildFile; fileRef = 831F7A70230C26DC00EEF585 /* NodeAdsPrivatBankTest.xcdatamodeld */; };
		831F7A74230C26E000EEF585 /* Assets.xcassets in Resources */ = {isa = PBXBuildFile; fileRef = 831F7A73230C26E000EEF585 /* Assets.xcassets */; };
		831F7A77230C26E000EEF585 /* LaunchScreen.storyboard in Resources */ = {isa = PBXBuildFile; fileRef = 831F7A75230C26E000EEF585 /* LaunchScreen.storyboard */; };
		831F7A80230C27F800EEF585 /* .gitignore in Resources */ = {isa = PBXBuildFile; fileRef = 831F7A7F230C27F800EEF585 /* .gitignore */; };
		831F7A84230C2FDF00EEF585 /* ATMListVC.swift in Sources */ = {isa = PBXBuildFile; fileRef = 831F7A83230C2FDF00EEF585 /* ATMListVC.swift */; };
		831F7A86230C2FEB00EEF585 /* ATMListVC.storyboard in Resources */ = {isa = PBXBuildFile; fileRef = 831F7A85230C2FEB00EEF585 /* ATMListVC.storyboard */; };
		831F7A8A230C30E000EEF585 /* UIViewController.swift in Sources */ = {isa = PBXBuildFile; fileRef = 831F7A89230C30E000EEF585 /* UIViewController.swift */; };
		831F7A91230C324A00EEF585 /* TabBarController.swift in Sources */ = {isa = PBXBuildFile; fileRef = 831F7A90230C324A00EEF585 /* TabBarController.swift */; };
		831F7A93230C348300EEF585 /* FavoritesATMVC.storyboard in Resources */ = {isa = PBXBuildFile; fileRef = 831F7A92230C348300EEF585 /* FavoritesATMVC.storyboard */; };
		831F7A95230C34BD00EEF585 /* FavoritesATMVC.swift in Sources */ = {isa = PBXBuildFile; fileRef = 831F7A94230C34BD00EEF585 /* FavoritesATMVC.swift */; };
/* End PBXBuildFile section */

/* Begin PBXFileReference section */
		831F7A66230C26DC00EEF585 /* NodeAdsPrivatBankTest.app */ = {isa = PBXFileReference; explicitFileType = wrapper.application; includeInIndex = 0; path = NodeAdsPrivatBankTest.app; sourceTree = BUILT_PRODUCTS_DIR; };
		831F7A69230C26DC00EEF585 /* AppDelegate.swift */ = {isa = PBXFileReference; lastKnownFileType = sourcecode.swift; path = AppDelegate.swift; sourceTree = "<group>"; };
		831F7A71230C26DC00EEF585 /* NodeAdsPrivatBankTest.xcdatamodel */ = {isa = PBXFileReference; lastKnownFileType = wrapper.xcdatamodel; path = NodeAdsPrivatBankTest.xcdatamodel; sourceTree = "<group>"; };
		831F7A73230C26E000EEF585 /* Assets.xcassets */ = {isa = PBXFileReference; lastKnownFileType = folder.assetcatalog; path = Assets.xcassets; sourceTree = "<group>"; };
		831F7A76230C26E000EEF585 /* Base */ = {isa = PBXFileReference; lastKnownFileType = file.storyboard; name = Base; path = Base.lproj/LaunchScreen.storyboard; sourceTree = "<group>"; };
		831F7A78230C26E000EEF585 /* Info.plist */ = {isa = PBXFileReference; lastKnownFileType = text.plist.xml; path = Info.plist; sourceTree = "<group>"; };
		831F7A7F230C27F800EEF585 /* .gitignore */ = {isa = PBXFileReference; lastKnownFileType = text; path = .gitignore; sourceTree = "<group>"; };
		831F7A83230C2FDF00EEF585 /* ATMListVC.swift */ = {isa = PBXFileReference; lastKnownFileType = sourcecode.swift; path = ATMListVC.swift; sourceTree = "<group>"; };
		831F7A85230C2FEB00EEF585 /* ATMListVC.storyboard */ = {isa = PBXFileReference; lastKnownFileType = file.storyboard; path = ATMListVC.storyboard; sourceTree = "<group>"; };
		831F7A89230C30E000EEF585 /* UIViewController.swift */ = {isa = PBXFileReference; lastKnownFileType = sourcecode.swift; path = UIViewController.swift; sourceTree = "<group>"; };
		831F7A90230C324A00EEF585 /* TabBarController.swift */ = {isa = PBXFileReference; lastKnownFileType = sourcecode.swift; path = TabBarController.swift; sourceTree = "<group>"; };
		831F7A92230C348300EEF585 /* FavoritesATMVC.storyboard */ = {isa = PBXFileReference; lastKnownFileType = file.storyboard; path = FavoritesATMVC.storyboard; sourceTree = "<group>"; };
		831F7A94230C34BD00EEF585 /* FavoritesATMVC.swift */ = {isa = PBXFileReference; lastKnownFileType = sourcecode.swift; path = FavoritesATMVC.swift; sourceTree = "<group>"; };
/* End PBXFileReference section */

/* Begin PBXFrameworksBuildPhase section */
		831F7A63230C26DC00EEF585 /* Frameworks */ = {
			isa = PBXFrameworksBuildPhase;
			buildActionMask = 2147483647;
			files = (
			);
			runOnlyForDeploymentPostprocessing = 0;
		};
/* End PBXFrameworksBuildPhase section */

/* Begin PBXGroup section */
		831F7A5D230C26DC00EEF585 = {
			isa = PBXGroup;
			children = (
				831F7A68230C26DC00EEF585 /* NodeAdsPrivatBankTest */,
				831F7A67230C26DC00EEF585 /* Products */,
			);
			sourceTree = "<group>";
		};
		831F7A67230C26DC00EEF585 /* Products */ = {
			isa = PBXGroup;
			children = (
				831F7A66230C26DC00EEF585 /* NodeAdsPrivatBankTest.app */,
			);
			name = Products;
			sourceTree = "<group>";
		};
		831F7A68230C26DC00EEF585 /* NodeAdsPrivatBankTest */ = {
			isa = PBXGroup;
			children = (
				831F7A7E230C277000EEF585 /* main */,
				831F7A87230C2FF300EEF585 /* Controllers */,
				831F7A88230C2FFD00EEF585 /* Views */,
				831F7A82230C292900EEF585 /* Support files */,
				831F7A81230C291A00EEF585 /* CoreData */,
			);
			path = NodeAdsPrivatBankTest;
			sourceTree = "<group>";
		};
		831F7A7E230C277000EEF585 /* main */ = {
			isa = PBXGroup;
			children = (
				831F7A69230C26DC00EEF585 /* AppDelegate.swift */,
			);
			path = main;
			sourceTree = "<group>";
		};
		831F7A81230C291A00EEF585 /* CoreData */ = {
			isa = PBXGroup;
			children = (
				831F7A70230C26DC00EEF585 /* NodeAdsPrivatBankTest.xcdatamodeld */,
			);
			path = CoreData;
			sourceTree = "<group>";
		};
		831F7A82230C292900EEF585 /* Support files */ = {
			isa = PBXGroup;
			children = (
				831F7A8B230C30F000EEF585 /* Extensions */,
				831F7A73230C26E000EEF585 /* Assets.xcassets */,
				831F7A7F230C27F800EEF585 /* .gitignore */,
				831F7A78230C26E000EEF585 /* Info.plist */,
			);
			path = "Support files";
			sourceTree = "<group>";
		};
		831F7A87230C2FF300EEF585 /* Controllers */ = {
			isa = PBXGroup;
			children = (
				831F7A83230C2FDF00EEF585 /* ATMListVC.swift */,
				831F7A90230C324A00EEF585 /* TabBarController.swift */,
				831F7A94230C34BD00EEF585 /* FavoritesATMVC.swift */,
			);
			path = Controllers;
			sourceTree = "<group>";
		};
		831F7A88230C2FFD00EEF585 /* Views */ = {
			isa = PBXGroup;
			children = (
				831F7A75230C26E000EEF585 /* LaunchScreen.storyboard */,
				831F7A85230C2FEB00EEF585 /* ATMListVC.storyboard */,
				831F7A92230C348300EEF585 /* FavoritesATMVC.storyboard */,
			);
			path = Views;
			sourceTree = "<group>";
		};
		831F7A8B230C30F000EEF585 /* Extensions */ = {
			isa = PBXGroup;
			children = (
				831F7A89230C30E000EEF585 /* UIViewController.swift */,
			);
			path = Extensions;
			sourceTree = "<group>";
		};
/* End PBXGroup section */

/* Begin PBXNativeTarget section */
		831F7A65230C26DC00EEF585 /* NodeAdsPrivatBankTest */ = {
			isa = PBXNativeTarget;
			buildConfigurationList = 831F7A7B230C26E000EEF585 /* Build configuration list for PBXNativeTarget "NodeAdsPrivatBankTest" */;
			buildPhases = (
				831F7A62230C26DC00EEF585 /* Sources */,
				831F7A63230C26DC00EEF585 /* Frameworks */,
				831F7A64230C26DC00EEF585 /* Resources */,
			);
			buildRules = (
			);
			dependencies = (
			);
			name = NodeAdsPrivatBankTest;
			productName = NodeAdsPrivatBankTest;
			productReference = 831F7A66230C26DC00EEF585 /* NodeAdsPrivatBankTest.app */;
			productType = "com.apple.product-type.application";
		};
/* End PBXNativeTarget section */

/* Begin PBXProject section */
		831F7A5E230C26DC00EEF585 /* Project object */ = {
			isa = PBXProject;
			attributes = {
				LastSwiftUpdateCheck = 1030;
				LastUpgradeCheck = 1030;
				ORGANIZATIONNAME = "Andrew Vashulenko";
				TargetAttributes = {
					831F7A65230C26DC00EEF585 = {
						CreatedOnToolsVersion = 10.3;
					};
				};
			};
			buildConfigurationList = 831F7A61230C26DC00EEF585 /* Build configuration list for PBXProject "NodeAdsPrivatBankTest" */;
			compatibilityVersion = "Xcode 9.3";
			developmentRegion = en;
			hasScannedForEncodings = 0;
			knownRegions = (
				en,
				Base,
			);
			mainGroup = 831F7A5D230C26DC00EEF585;
			productRefGroup = 831F7A67230C26DC00EEF585 /* Products */;
			projectDirPath = "";
			projectRoot = "";
			targets = (
				831F7A65230C26DC00EEF585 /* NodeAdsPrivatBankTest */,
			);
		};
/* End PBXProject section */

/* Begin PBXResourcesBuildPhase section */
		831F7A64230C26DC00EEF585 /* Resources */ = {
			isa = PBXResourcesBuildPhase;
			buildActionMask = 2147483647;
			files = (
				831F7A80230C27F800EEF585 /* .gitignore in Resources */,
				831F7A77230C26E000EEF585 /* LaunchScreen.storyboard in Resources */,
				831F7A93230C348300EEF585 /* FavoritesATMVC.storyboard in Resources */,
				831F7A86230C2FEB00EEF585 /* ATMListVC.storyboard in Resources */,
				831F7A74230C26E000EEF585 /* Assets.xcassets in Resources */,
			);
			runOnlyForDeploymentPostprocessing = 0;
		};
/* End PBXResourcesBuildPhase section */

/* Begin PBXSourcesBuildPhase section */
		831F7A62230C26DC00EEF585 /* Sources */ = {
			isa = PBXSourcesBuildPhase;
			buildActionMask = 2147483647;
			files = (
				831F7A72230C26DC00EEF585 /* NodeAdsPrivatBankTest.xcdatamodeld in Sources */,
				831F7A6A230C26DC00EEF585 /* AppDelegate.swift in Sources */,
				831F7A8A230C30E000EEF585 /* UIViewController.swift in Sources */,
				831F7A95230C34BD00EEF585 /* FavoritesATMVC.swift in Sources */,
				831F7A91230C324A00EEF585 /* TabBarController.swift in Sources */,
				831F7A84230C2FDF00EEF585 /* ATMListVC.swift in Sources */,
			);
			runOnlyForDeploymentPostprocessing = 0;
		};
/* End PBXSourcesBuildPhase section */

/* Begin PBXVariantGroup section */
		831F7A75230C26E000EEF585 /* LaunchScreen.storyboard */ = {
			isa = PBXVariantGroup;
			children = (
				831F7A76230C26E000EEF585 /* Base */,
			);
			name = LaunchScreen.storyboard;
			sourceTree = "<group>";
		};
/* End PBXVariantGroup section */

/* Begin XCBuildConfiguration section */
		831F7A79230C26E000EEF585 /* Debug */ = {
			isa = XCBuildConfiguration;
			buildSettings = {
				ALWAYS_SEARCH_USER_PATHS = NO;
				CLANG_ANALYZER_NONNULL = YES;
				CLANG_ANALYZER_NUMBER_OBJECT_CONVERSION = YES_AGGRESSIVE;
				CLANG_CXX_LANGUAGE_STANDARD = "gnu++14";
				CLANG_CXX_LIBRARY = "libc++";
				CLANG_ENABLE_MODULES = YES;
				CLANG_ENABLE_OBJC_ARC = YES;
				CLANG_ENABLE_OBJC_WEAK = YES;
				CLANG_WARN_BLOCK_CAPTURE_AUTORELEASING = YES;
				CLANG_WARN_BOOL_CONVERSION = YES;
				CLANG_WARN_COMMA = YES;
				CLANG_WARN_CONSTANT_CONVERSION = YES;
				CLANG_WARN_DEPRECATED_OBJC_IMPLEMENTATIONS = YES;
				CLANG_WARN_DIRECT_OBJC_ISA_USAGE = YES_ERROR;
				CLANG_WARN_DOCUMENTATION_COMMENTS = YES;
				CLANG_WARN_EMPTY_BODY = YES;
				CLANG_WARN_ENUM_CONVERSION = YES;
				CLANG_WARN_INFINITE_RECURSION = YES;
				CLANG_WARN_INT_CONVERSION = YES;
				CLANG_WARN_NON_LITERAL_NULL_CONVERSION = YES;
				CLANG_WARN_OBJC_IMPLICIT_RETAIN_SELF = YES;
				CLANG_WARN_OBJC_LITERAL_CONVERSION = YES;
				CLANG_WARN_OBJC_ROOT_CLASS = YES_ERROR;
				CLANG_WARN_RANGE_LOOP_ANALYSIS = YES;
				CLANG_WARN_STRICT_PROTOTYPES = YES;
				CLANG_WARN_SUSPICIOUS_MOVE = YES;
				CLANG_WARN_UNGUARDED_AVAILABILITY = YES_AGGRESSIVE;
				CLANG_WARN_UNREACHABLE_CODE = YES;
				CLANG_WARN__DUPLICATE_METHOD_MATCH = YES;
				CODE_SIGN_IDENTITY = "iPhone Developer";
				COPY_PHASE_STRIP = NO;
				DEBUG_INFORMATION_FORMAT = dwarf;
				ENABLE_STRICT_OBJC_MSGSEND = YES;
				ENABLE_TESTABILITY = YES;
				GCC_C_LANGUAGE_STANDARD = gnu11;
				GCC_DYNAMIC_NO_PIC = NO;
				GCC_NO_COMMON_BLOCKS = YES;
				GCC_OPTIMIZATION_LEVEL = 0;
				GCC_PREPROCESSOR_DEFINITIONS = (
					"DEBUG=1",
					"$(inherited)",
				);
				GCC_WARN_64_TO_32_BIT_CONVERSION = YES;
				GCC_WARN_ABOUT_RETURN_TYPE = YES_ERROR;
				GCC_WARN_UNDECLARED_SELECTOR = YES;
				GCC_WARN_UNINITIALIZED_AUTOS = YES_AGGRESSIVE;
				GCC_WARN_UNUSED_FUNCTION = YES;
				GCC_WARN_UNUSED_VARIABLE = YES;
				IPHONEOS_DEPLOYMENT_TARGET = 12.4;
				MTL_ENABLE_DEBUG_INFO = INCLUDE_SOURCE;
				MTL_FAST_MATH = YES;
				ONLY_ACTIVE_ARCH = YES;
				SDKROOT = iphoneos;
				SWIFT_ACTIVE_COMPILATION_CONDITIONS = DEBUG;
				SWIFT_OPTIMIZATION_LEVEL = "-Onone";
			};
			name = Debug;
		};
		831F7A7A230C26E000EEF585 /* Release */ = {
			isa = XCBuildConfiguration;
			buildSettings = {
				ALWAYS_SEARCH_USER_PATHS = NO;
				CLANG_ANALYZER_NONNULL = YES;
				CLANG_ANALYZER_NUMBER_OBJECT_CONVERSION = YES_AGGRESSIVE;
				CLANG_CXX_LANGUAGE_STANDARD = "gnu++14";
				CLANG_CXX_LIBRARY = "libc++";
				CLANG_ENABLE_MODULES = YES;
				CLANG_ENABLE_OBJC_ARC = YES;
				CLANG_ENABLE_OBJC_WEAK = YES;
				CLANG_WARN_BLOCK_CAPTURE_AUTORELEASING = YES;
				CLANG_WARN_BOOL_CONVERSION = YES;
				CLANG_WARN_COMMA = YES;
				CLANG_WARN_CONSTANT_CONVERSION = YES;
				CLANG_WARN_DEPRECATED_OBJC_IMPLEMENTATIONS = YES;
				CLANG_WARN_DIRECT_OBJC_ISA_USAGE = YES_ERROR;
				CLANG_WARN_DOCUMENTATION_COMMENTS = YES;
				CLANG_WARN_EMPTY_BODY = YES;
				CLANG_WARN_ENUM_CONVERSION = YES;
				CLANG_WARN_INFINITE_RECURSION = YES;
				CLANG_WARN_INT_CONVERSION = YES;
				CLANG_WARN_NON_LITERAL_NULL_CONVERSION = YES;
				CLANG_WARN_OBJC_IMPLICIT_RETAIN_SELF = YES;
				CLANG_WARN_OBJC_LITERAL_CONVERSION = YES;
				CLANG_WARN_OBJC_ROOT_CLASS = YES_ERROR;
				CLANG_WARN_RANGE_LOOP_ANALYSIS = YES;
				CLANG_WARN_STRICT_PROTOTYPES = YES;
				CLANG_WARN_SUSPICIOUS_MOVE = YES;
				CLANG_WARN_UNGUARDED_AVAILABILITY = YES_AGGRESSIVE;
				CLANG_WARN_UNREACHABLE_CODE = YES;
				CLANG_WARN__DUPLICATE_METHOD_MATCH = YES;
				CODE_SIGN_IDENTITY = "iPhone Developer";
				COPY_PHASE_STRIP = NO;
				DEBUG_INFORMATION_FORMAT = "dwarf-with-dsym";
				ENABLE_NS_ASSERTIONS = NO;
				ENABLE_STRICT_OBJC_MSGSEND = YES;
				GCC_C_LANGUAGE_STANDARD = gnu11;
				GCC_NO_COMMON_BLOCKS = YES;
				GCC_WARN_64_TO_32_BIT_CONVERSION = YES;
				GCC_WARN_ABOUT_RETURN_TYPE = YES_ERROR;
				GCC_WARN_UNDECLARED_SELECTOR = YES;
				GCC_WARN_UNINITIALIZED_AUTOS = YES_AGGRESSIVE;
				GCC_WARN_UNUSED_FUNCTION = YES;
				GCC_WARN_UNUSED_VARIABLE = YES;
				IPHONEOS_DEPLOYMENT_TARGET = 12.4;
				MTL_ENABLE_DEBUG_INFO = NO;
				MTL_FAST_MATH = YES;
				SDKROOT = iphoneos;
				SWIFT_COMPILATION_MODE = wholemodule;
				SWIFT_OPTIMIZATION_LEVEL = "-O";
				VALIDATE_PRODUCT = YES;
			};
			name = Release;
		};
		831F7A7C230C26E000EEF585 /* Debug */ = {
			isa = XCBuildConfiguration;
			buildSettings = {
				ASSETCATALOG_COMPILER_APPICON_NAME = AppIcon;
				CODE_SIGN_STYLE = Automatic;
				DEVELOPMENT_TEAM = UBGU9698UC;
				INFOPLIST_FILE = "$(SRCROOT)/NodeAdsPrivatBankTest/Support files/Info.plist";
				LD_RUNPATH_SEARCH_PATHS = (
					"$(inherited)",
					"@executable_path/Frameworks",
				);
				PRODUCT_BUNDLE_IDENTIFIER = com.andrewVashulenko.NodeAdsPrivatBankTest;
				PRODUCT_NAME = "$(TARGET_NAME)";
				SWIFT_VERSION = 5.0;
				TARGETED_DEVICE_FAMILY = "1,2";
			};
			name = Debug;
		};
		831F7A7D230C26E000EEF585 /* Release */ = {
			isa = XCBuildConfiguration;
			buildSettings = {
				ASSETCATALOG_COMPILER_APPICON_NAME = AppIcon;
				CODE_SIGN_STYLE = Automatic;
				DEVELOPMENT_TEAM = UBGU9698UC;
				INFOPLIST_FILE = "$(SRCROOT)/NodeAdsPrivatBankTest/Support files/Info.plist";
				LD_RUNPATH_SEARCH_PATHS = (
					"$(inherited)",
					"@executable_path/Frameworks",
				);
				PRODUCT_BUNDLE_IDENTIFIER = com.andrewVashulenko.NodeAdsPrivatBankTest;
				PRODUCT_NAME = "$(TARGET_NAME)";
				SWIFT_VERSION = 5.0;
				TARGETED_DEVICE_FAMILY = "1,2";
			};
			name = Release;
		};
/* End XCBuildConfiguration section */

/* Begin XCConfigurationList section */
		831F7A61230C26DC00EEF585 /* Build configuration list for PBXProject "NodeAdsPrivatBankTest" */ = {
			isa = XCConfigurationList;
			buildConfigurations = (
				831F7A79230C26E000EEF585 /* Debug */,
				831F7A7A230C26E000EEF585 /* Release */,
			);
			defaultConfigurationIsVisible = 0;
			defaultConfigurationName = Release;
		};
		831F7A7B230C26E000EEF585 /* Build configuration list for PBXNativeTarget "NodeAdsPrivatBankTest" */ = {
			isa = XCConfigurationList;
			buildConfigurations = (
				831F7A7C230C26E000EEF585 /* Debug */,
				831F7A7D230C26E000EEF585 /* Release */,
			);
			defaultConfigurationIsVisible = 0;
			defaultConfigurationName = Release;
		};
/* End XCConfigurationList section */

/* Begin XCVersionGroup section */
		831F7A70230C26DC00EEF585 /* NodeAdsPrivatBankTest.xcdatamodeld */ = {
			isa = XCVersionGroup;
			children = (
				831F7A71230C26DC00EEF585 /* NodeAdsPrivatBankTest.xcdatamodel */,
			);
			currentVersion = 831F7A71230C26DC00EEF585 /* NodeAdsPrivatBankTest.xcdatamodel */;
			path = NodeAdsPrivatBankTest.xcdatamodeld;
			sourceTree = "<group>";
			versionGroupType = wrapper.xcdatamodel;
		};
/* End XCVersionGroup section */
	};
	rootObject = 831F7A5E230C26DC00EEF585 /* Project object */;
}
